
Microsoft Visual Studio Solution File, Format Version 12.00
# Visual Studio Version 17
VisualStudioVersion = 17.7.34031.279
MinimumVisualStudioVersion = 10.0.40219.1
Project("{FAE04EC0-301F-11D3-BF4B-00C04F79EFBC}") = "Visual Studio", "Visual Studio\Visual Studio.csproj", "{095B5F4F-C964-4909-B259-A9A28BEB9964}"
EndProject
Global
	GlobalSection(SolutionConfigurationPlatforms) = preSolution
		Debug|Any CPU = Debug|Any CPU
		Release|Any CPU = Release|Any CPU
	EndGlobalSection
	GlobalSection(ProjectConfigurationPlatforms) = postSolution
		{095B5F4F-C964-4909-B259-A9A28BEB9964}.Debug|Any CPU.ActiveCfg = Debug|Any CPU
		{095B5F4F-C964-4909-B259-A9A28BEB9964}.Debug|Any CPU.Build.0 = Debug|Any CPU
		{095B5F4F-C964-4909-B259-A9A28BEB9964}.Release|Any CPU.ActiveCfg = Release|Any CPU
		{095B5F4F-C964-4909-B259-A9A28BEB9964}.Release|Any CPU.Build.0 = Release|Any CPU
	EndGlobalSection
	GlobalSection(SolutionProperties) = preSolution
		HideSolutionNode = FALSE
	EndGlobalSection
	GlobalSection(ExtensibilityGlobals) = postSolution
		SolutionGuid = {96A17140-4380-425E-9478-B6AF18DEED87}
	EndGlobalSection
EndGlobal
